
Microsoft Visual Studio Solution File, Format Version 12.00
# Visual Studio 15
VisualStudioVersion = 15.0.28307.329
MinimumVisualStudioVersion = 10.0.40219.1
Project("{FAE04EC0-301F-11D3-BF4B-00C04F79EFBC}") = "AspnetWebapiwithangular7", "AspnetWebapiwithangular7\AspnetWebapiwithangular7.csproj", "{A10D1E01-C99E-40E7-AD6F-EB914EACF176}"
EndProject
Global
	GlobalSection(SolutionConfigurationPlatforms) = preSolution
		Debug|Any CPU = Debug|Any CPU
		Release|Any CPU = Release|Any CPU
	EndGlobalSection
	GlobalSection(ProjectConfigurationPlatforms) = postSolution
		{A10D1E01-C99E-40E7-AD6F-EB914EACF176}.Debug|Any CPU.ActiveCfg = Debug|Any CPU
		{A10D1E01-C99E-40E7-AD6F-EB914EACF176}.Debug|Any CPU.Build.0 = Debug|Any CPU
		{A10D1E01-C99E-40E7-AD6F-EB914EACF176}.Release|Any CPU.ActiveCfg = Release|Any CPU
		{A10D1E01-C99E-40E7-AD6F-EB914EACF176}.Release|Any CPU.Build.0 = Release|Any CPU
	EndGlobalSection
	GlobalSection(SolutionProperties) = preSolution
		HideSolutionNode = FALSE
	EndGlobalSection
	GlobalSection(ExtensibilityGlobals) = postSolution
		SolutionGuid = {27EC607D-FCE8-4ED2-86E1-73B4A1972456}
	EndGlobalSection
EndGlobal
